
Microsoft Visual Studio Solution File, Format Version 12.00
# Visual Studio 15
VisualStudioVersion = 15.0.27428.2015
MinimumVisualStudioVersion = 10.0.40219.1
Project("{FAE04EC0-301F-11D3-BF4B-00C04F79EFBC}") = "Truss2D", "Truss2D\Truss2D.csproj", "{800F5FE3-3071-47FD-8F69-F22987110A8C}"
EndProject
Global
	GlobalSection(SolutionConfigurationPlatforms) = preSolution
		Debug|Any CPU = Debug|Any CPU
		Release|Any CPU = Release|Any CPU
	EndGlobalSection
	GlobalSection(ProjectConfigurationPlatforms) = postSolution
		{800F5FE3-3071-47FD-8F69-F22987110A8C}.Debug|Any CPU.ActiveCfg = Debug|Any CPU
		{800F5FE3-3071-47FD-8F69-F22987110A8C}.Debug|Any CPU.Build.0 = Debug|Any CPU
		{800F5FE3-3071-47FD-8F69-F22987110A8C}.Release|Any CPU.ActiveCfg = Release|Any CPU
		{800F5FE3-3071-47FD-8F69-F22987110A8C}.Release|Any CPU.Build.0 = Release|Any CPU
	EndGlobalSection
	GlobalSection(SolutionProperties) = preSolution
		HideSolutionNode = FALSE
	EndGlobalSection
	GlobalSection(ExtensibilityGlobals) = postSolution
		SolutionGuid = {836B165C-9538-45BB-9236-9811E919F481}
	EndGlobalSection
EndGlobal
